
Microsoft Visual Studio Solution File, Format Version 12.00
# Visual Studio Version 16
VisualStudioVersion = 16.0.30503.244
MinimumVisualStudioVersion = 10.0.40219.1
Project("{E24C65DC-7377-472B-9ABA-BC803B73C61A}") = "PersonalBlog", "http://localhost:58635", "{79CC22D7-5874-43E8-BB95-823542823FBE}"
	ProjectSection(WebsiteProperties) = preProject
		UseIISExpress = "true"
		TargetFrameworkMoniker = ".NETFramework,Version%3Dv4.0"
		Debug.AspNetCompiler.VirtualPath = "/localhost_58635"
		Debug.AspNetCompiler.PhysicalPath = "..\..\Belgeler\My Web Sites\PersonalBlog\"
		Debug.AspNetCompiler.TargetPath = "PrecompiledWeb\localhost_58635\"
		Debug.AspNetCompiler.Updateable = "true"
		Debug.AspNetCompiler.ForceOverwrite = "true"
		Debug.AspNetCompiler.FixedNames = "false"
		Debug.AspNetCompiler.Debug = "True"
		Release.AspNetCompiler.VirtualPath = "/localhost_58635"
		Release.AspNetCompiler.PhysicalPath = "..\..\Belgeler\My Web Sites\PersonalBlog\"
		Release.AspNetCompiler.TargetPath = "PrecompiledWeb\localhost_58635\"
		Release.AspNetCompiler.Updateable = "true"
		Release.AspNetCompiler.ForceOverwrite = "true"
		Release.AspNetCompiler.FixedNames = "false"
		Release.AspNetCompiler.Debug = "False"
		SlnRelativePath = "..\..\Belgeler\My Web Sites\PersonalBlog\"
	EndProjectSection
EndProject
Global
	GlobalSection(SolutionConfigurationPlatforms) = preSolution
		Debug|Any CPU = Debug|Any CPU
	EndGlobalSection
	GlobalSection(ProjectConfigurationPlatforms) = postSolution
		{79CC22D7-5874-43E8-BB95-823542823FBE}.Debug|Any CPU.ActiveCfg = Debug|Any CPU
		{79CC22D7-5874-43E8-BB95-823542823FBE}.Debug|Any CPU.Build.0 = Debug|Any CPU
	EndGlobalSection
	GlobalSection(SolutionProperties) = preSolution
		HideSolutionNode = FALSE
	EndGlobalSection
	GlobalSection(ExtensibilityGlobals) = postSolution
		SolutionGuid = {26D01C4F-6D34-4191-914D-920CEC69ECED}
	EndGlobalSection
EndGlobal
